// !$*UTF8*$!
{
	archiveVersion = 1;
	classes = {
	};
	objectVersion = 46;
	objects = {

/* Begin PBXBuildFile section */
		9542C8311D94F78800CC8C6C /* AppDelegate.swift in Sources */ = {isa = PBXBuildFile; fileRef = 9542C8301D94F78800CC8C6C /* AppDelegate.swift */; };
		9542C8331D94F78800CC8C6C /* ViewController.swift in Sources */ = {isa = PBXBuildFile; fileRef = 9542C8321D94F78800CC8C6C /* ViewController.swift */; };
		9542C8361D94F78800CC8C6C /* Main.storyboard in Resources */ = {isa = PBXBuildFile; fileRef = 9542C8341D94F78800CC8C6C /* Main.storyboard */; };
		9542C8381D94F78800CC8C6C /* Assets.xcassets in Resources */ = {isa = PBXBuildFile; fileRef = 9542C8371D94F78800CC8C6C /* Assets.xcassets */; };
		9542C83B1D94F78800CC8C6C /* LaunchScreen.storyboard in Resources */ = {isa = PBXBuildFile; fileRef = 9542C8391D94F78800CC8C6C /* LaunchScreen.storyboard */; };
		9542C8461D94F78800CC8C6C /* LottoTests.swift in Sources */ = {isa = PBXBuildFile; fileRef = 9542C8451D94F78800CC8C6C /* LottoTests.swift */; };
		9542C8511D94F78900CC8C6C /* LottoUITests.swift in Sources */ = {isa = PBXBuildFile; fileRef = 9542C8501D94F78900CC8C6C /* LottoUITests.swift */; };
/* End PBXBuildFile section */

/* Begin PBXContainerItemProxy section */
		9542C8421D94F78800CC8C6C /* PBXContainerItemProxy */ = {
			isa = PBXContainerItemProxy;
			containerPortal = 9542C8251D94F78800CC8C6C /* Project object */;
			proxyType = 1;
			remoteGlobalIDString = 9542C82C1D94F78800CC8C6C;
			remoteInfo = Lotto;
		};
		9542C84D1D94F78800CC8C6C /* PBXContainerItemProxy */ = {
			isa = PBXContainerItemProxy;
			containerPortal = 9542C8251D94F78800CC8C6C /* Project object */;
			proxyType = 1;
			remoteGlobalIDString = 9542C82C1D94F78800CC8C6C;
			remoteInfo = Lotto;
		};
/* End PBXContainerItemProxy section */

/* Begin PBXFileReference section */
		9542C82D1D94F78800CC8C6C /* Lotto.app */ = {isa = PBXFileReference; explicitFileType = wrapper.application; includeInIndex = 0; path = Lotto.app; sourceTree = BUILT_PRODUCTS_DIR; };
		9542C8301D94F78800CC8C6C /* AppDelegate.swift */ = {isa = PBXFileReference; lastKnownFileType = sourcecode.swift; path = AppDelegate.swift; sourceTree = "<group>"; };
		9542C8321D94F78800CC8C6C /* ViewController.swift */ = {isa = PBXFileReference; lastKnownFileType = sourcecode.swift; path = ViewController.swift; sourceTree = "<group>"; };
		9542C8351D94F78800CC8C6C /* Base */ = {isa = PBXFileReference; lastKnownFileType = file.storyboard; name = Base; path = Base.lproj/Main.storyboard; sourceTree = "<group>"; };
		9542C8371D94F78800CC8C6C /* Assets.xcassets */ = {isa = PBXFileReference; lastKnownFileType = folder.assetcatalog; path = Assets.xcassets; sourceTree = "<group>"; };
		9542C83A1D94F78800CC8C6C /* Base */ = {isa = PBXFileReference; lastKnownFileType = file.storyboard; name = Base; path = Base.lproj/LaunchScreen.storyboard; sourceTree = "<group>"; };
		9542C83C1D94F78800CC8C6C /* Info.plist */ = {isa = PBXFileReference; lastKnownFileType = text.plist.xml; path = Info.plist; sourceTree = "<group>"; };
		9542C8411D94F78800CC8C6C /* LottoTests.xctest */ = {isa = PBXFileReference; explicitFileType = wrapper.cfbundle; includeInIndex = 0; path = LottoTests.xctest; sourceTree = BUILT_PRODUCTS_DIR; };
		9542C8451D94F78800CC8C6C /* LottoTests.swift */ = {isa = PBXFileReference; lastKnownFileType = sourcecode.swift; path = LottoTests.swift; sourceTree = "<group>"; };
		9542C8471D94F78800CC8C6C /* Info.plist */ = {isa = PBXFileReference; lastKnownFileType = text.plist.xml; path = Info.plist; sourceTree = "<group>"; };
		9542C84C1D94F78800CC8C6C /* LottoUITests.xctest */ = {isa = PBXFileReference; explicitFileType = wrapper.cfbundle; includeInIndex = 0; path = LottoUITests.xctest; sourceTree = BUILT_PRODUCTS_DIR; };
		9542C8501D94F78900CC8C6C /* LottoUITests.swift */ = {isa = PBXFileReference; lastKnownFileType = sourcecode.swift; path = LottoUITests.swift; sourceTree = "<group>"; };
		9542C8521D94F78900CC8C6C /* Info.plist */ = {isa = PBXFileReference; lastKnownFileType = text.plist.xml; path = Info.plist; sourceTree = "<group>"; };
/* End PBXFileReference section */

/* Begin PBXFrameworksBuildPhase section */
		9542C82A1D94F78800CC8C6C /* Frameworks */ = {
			isa = PBXFrameworksBuildPhase;
			buildActionMask = 2147483647;
			files = (
			);
			runOnlyForDeploymentPostprocessing = 0;
		};
		9542C83E1D94F78800CC8C6C /* Frameworks */ = {
			isa = PBXFrameworksBuildPhase;
			buildActionMask = 2147483647;
			files = (
			);
			runOnlyForDeploymentPostprocessing = 0;
		};
		9542C8491D94F78800CC8C6C /* Frameworks */ = {
			isa = PBXFrameworksBuildPhase;
			buildActionMask = 2147483647;
			files = (
			);
			runOnlyForDeploymentPostprocessing = 0;
		};
/* End PBXFrameworksBuildPhase section */

/* Begin PBXGroup section */
		9542C8241D94F78800CC8C6C = {
			isa = PBXGroup;
			children = (
				9542C82F1D94F78800CC8C6C /* Lotto */,
				9542C8441D94F78800CC8C6C /* LottoTests */,
				9542C84F1D94F78900CC8C6C /* LottoUITests */,
				9542C82E1D94F78800CC8C6C /* Products */,
			);
			sourceTree = "<group>";
		};
		9542C82E1D94F78800CC8C6C /* Products */ = {
			isa = PBXGroup;
			children = (
				9542C82D1D94F78800CC8C6C /* Lotto.app */,
				9542C8411D94F78800CC8C6C /* LottoTests.xctest */,
				9542C84C1D94F78800CC8C6C /* LottoUITests.xctest */,
			);
			name = Products;
			sourceTree = "<group>";
		};
		9542C82F1D94F78800CC8C6C /* Lotto */ = {
			isa = PBXGroup;
			children = (
				9542C8301D94F78800CC8C6C /* AppDelegate.swift */,
				9542C8321D94F78800CC8C6C /* ViewController.swift */,
				9542C8341D94F78800CC8C6C /* Main.storyboard */,
				9542C8371D94F78800CC8C6C /* Assets.xcassets */,
				9542C8391D94F78800CC8C6C /* LaunchScreen.storyboard */,
				9542C83C1D94F78800CC8C6C /* Info.plist */,
			);
			path = Lotto;
			sourceTree = "<group>";
		};
		9542C8441D94F78800CC8C6C /* LottoTests */ = {
			isa = PBXGroup;
			children = (
				9542C8451D94F78800CC8C6C /* LottoTests.swift */,
				9542C8471D94F78800CC8C6C /* Info.plist */,
			);
			path = LottoTests;
			sourceTree = "<group>";
		};
		9542C84F1D94F78900CC8C6C /* LottoUITests */ = {
			isa = PBXGroup;
			children = (
				9542C8501D94F78900CC8C6C /* LottoUITests.swift */,
				9542C8521D94F78900CC8C6C /* Info.plist */,
			);
			path = LottoUITests;
			sourceTree = "<group>";
		};
/* End PBXGroup section */

/* Begin PBXNativeTarget section */
		9542C82C1D94F78800CC8C6C /* Lotto */ = {
			isa = PBXNativeTarget;
			buildConfigurationList = 9542C8551D94F78900CC8C6C /* Build configuration list for PBXNativeTarget "Lotto" */;
			buildPhases = (
				9542C8291D94F78800CC8C6C /* Sources */,
				9542C82A1D94F78800CC8C6C /* Frameworks */,
				9542C82B1D94F78800CC8C6C /* Resources */,
			);
			buildRules = (
			);
			dependencies = (
			);
			name = Lotto;
			productName = Lotto;
			productReference = 9542C82D1D94F78800CC8C6C /* Lotto.app */;
			productType = "com.apple.product-type.application";
		};
		9542C8401D94F78800CC8C6C /* LottoTests */ = {
			isa = PBXNativeTarget;
			buildConfigurationList = 9542C8581D94F78900CC8C6C /* Build configuration list for PBXNativeTarget "LottoTests" */;
			buildPhases = (
				9542C83D1D94F78800CC8C6C /* Sources */,
				9542C83E1D94F78800CC8C6C /* Frameworks */,
				9542C83F1D94F78800CC8C6C /* Resources */,
			);
			buildRules = (
			);
			dependencies = (
				9542C8431D94F78800CC8C6C /* PBXTargetDependency */,
			);
			name = LottoTests;
			productName = LottoTests;
			productReference = 9542C8411D94F78800CC8C6C /* LottoTests.xctest */;
			productType = "com.apple.product-type.bundle.unit-test";
		};
		9542C84B1D94F78800CC8C6C /* LottoUITests */ = {
			isa = PBXNativeTarget;
			buildConfigurationList = 9542C85B1D94F78900CC8C6C /* Build configuration list for PBXNativeTarget "LottoUITests" */;
			buildPhases = (
				9542C8481D94F78800CC8C6C /* Sources */,
				9542C8491D94F78800CC8C6C /* Frameworks */,
				9542C84A1D94F78800CC8C6C /* Resources */,
			);
			buildRules = (
			);
			dependencies = (
				9542C84E1D94F78800CC8C6C /* PBXTargetDependency */,
			);
			name = LottoUITests;
			productName = LottoUITests;
			productReference = 9542C84C1D94F78800CC8C6C /* LottoUITests.xctest */;
			productType = "com.apple.product-type.bundle.ui-testing";
		};
/* End PBXNativeTarget section */

/* Begin PBXProject section */
		9542C8251D94F78800CC8C6C /* Project object */ = {
			isa = PBXProject;
			attributes = {
				LastSwiftUpdateCheck = 0800;
				LastUpgradeCheck = 0800;
				ORGANIZATIONNAME = "Jeonghyun Kim";
				TargetAttributes = {
					9542C82C1D94F78800CC8C6C = {
						CreatedOnToolsVersion = 8.0;
						DevelopmentTeam = 62G5243WAS;
						ProvisioningStyle = Automatic;
					};
					9542C8401D94F78800CC8C6C = {
						CreatedOnToolsVersion = 8.0;
						DevelopmentTeam = 62G5243WAS;
						ProvisioningStyle = Automatic;
						TestTargetID = 9542C82C1D94F78800CC8C6C;
					};
					9542C84B1D94F78800CC8C6C = {
						CreatedOnToolsVersion = 8.0;
						DevelopmentTeam = 62G5243WAS;
						ProvisioningStyle = Automatic;
						TestTargetID = 9542C82C1D94F78800CC8C6C;
					};
				};
			};
			buildConfigurationList = 9542C8281D94F78800CC8C6C /* Build configuration list for PBXProject "Lotto" */;
			compatibilityVersion = "Xcode 3.2";
			developmentRegion = English;
			hasScannedForEncodings = 0;
			knownRegions = (
				en,
				Base,
			);
			mainGroup = 9542C8241D94F78800CC8C6C;
			productRefGroup = 9542C82E1D94F78800CC8C6C /* Products */;
			projectDirPath = "";
			projectRoot = "";
			targets = (
				9542C82C1D94F78800CC8C6C /* Lotto */,
				9542C8401D94F78800CC8C6C /* LottoTests */,
				9542C84B1D94F78800CC8C6C /* LottoUITests */,
			);
		};
/* End PBXProject section */

/* Begin PBXResourcesBuildPhase section */
		9542C82B1D94F78800CC8C6C /* Resources */ = {
			isa = PBXResourcesBuildPhase;
			buildActionMask = 2147483647;
			files = (
				9542C83B1D94F78800CC8C6C /* LaunchScreen.storyboard in Resources */,
				9542C8381D94F78800CC8C6C /* Assets.xcassets in Resources */,
				9542C8361D94F78800CC8C6C /* Main.storyboard in Resources */,
			);
			runOnlyForDeploymentPostprocessing = 0;
		};
		9542C83F1D94F78800CC8C6C /* Resources */ = {
			isa = PBXResourcesBuildPhase;
			buildActionMask = 2147483647;
			files = (
			);
			runOnlyForDeploymentPostprocessing = 0;
		};
		9542C84A1D94F78800CC8C6C /* Resources */ = {
			isa = PBXResourcesBuildPhase;
			buildActionMask = 2147483647;
			files = (
			);
			runOnlyForDeploymentPostprocessing = 0;
		};
/* End PBXResourcesBuildPhase section */

/* Begin PBXSourcesBuildPhase section */
		9542C8291D94F78800CC8C6C /* Sources */ = {
			isa = PBXSourcesBuildPhase;
			buildActionMask = 2147483647;
			files = (
				9542C8331D94F78800CC8C6C /* ViewController.swift in Sources */,
				9542C8311D94F78800CC8C6C /* AppDelegate.swift in Sources */,
			);
			runOnlyForDeploymentPostprocessing = 0;
		};
		9542C83D1D94F78800CC8C6C /* Sources */ = {
			isa = PBXSourcesBuildPhase;
			buildActionMask = 2147483647;
			files = (
				9542C8461D94F78800CC8C6C /* LottoTests.swift in Sources */,
			);
			runOnlyForDeploymentPostprocessing = 0;
		};
		9542C8481D94F78800CC8C6C /* Sources */ = {
			isa = PBXSourcesBuildPhase;
			buildActionMask = 2147483647;
			files = (
				9542C8511D94F78900CC8C6C /* LottoUITests.swift in Sources */,
			);
			runOnlyForDeploymentPostprocessing = 0;
		};
/* End PBXSourcesBuildPhase section */

/* Begin PBXTargetDependency section */
		9542C8431D94F78800CC8C6C /* PBXTargetDependency */ = {
			isa = PBXTargetDependency;
			target = 9542C82C1D94F78800CC8C6C /* Lotto */;
			targetProxy = 9542C8421D94F78800CC8C6C /* PBXContainerItemProxy */;
		};
		9542C84E1D94F78800CC8C6C /* PBXTargetDependency */ = {
			isa = PBXTargetDependency;
			target = 9542C82C1D94F78800CC8C6C /* Lotto */;
			targetProxy = 9542C84D1D94F78800CC8C6C /* PBXContainerItemProxy */;
		};
/* End PBXTargetDependency section */

/* Begin PBXVariantGroup section */
		9542C8341D94F78800CC8C6C /* Main.storyboard */ = {
			isa = PBXVariantGroup;
			children = (
				9542C8351D94F78800CC8C6C /* Base */,
			);
			name = Main.storyboard;
			sourceTree = "<group>";
		};
		9542C8391D94F78800CC8C6C /* LaunchScreen.storyboard */ = {
			isa = PBXVariantGroup;
			children = (
				9542C83A1D94F78800CC8C6C /* Base */,
			);
			name = LaunchScreen.storyboard;
			sourceTree = "<group>";
		};
/* End PBXVariantGroup section */

/* Begin XCBuildConfiguration section */
		9542C8531D94F78900CC8C6C /* Debug */ = {
			isa = XCBuildConfiguration;
			buildSettings = {
				ALWAYS_SEARCH_USER_PATHS = NO;
				CLANG_ANALYZER_NONNULL = YES;
				CLANG_CXX_LANGUAGE_STANDARD = "gnu++0x";
				CLANG_CXX_LIBRARY = "libc++";
				CLANG_ENABLE_MODULES = YES;
				CLANG_ENABLE_OBJC_ARC = YES;
				CLANG_WARN_BOOL_CONVERSION = YES;
				CLANG_WARN_CONSTANT_CONVERSION = YES;
				CLANG_WARN_DIRECT_OBJC_ISA_USAGE = YES_ERROR;
				CLANG_WARN_DOCUMENTATION_COMMENTS = YES;
				CLANG_WARN_EMPTY_BODY = YES;
				CLANG_WARN_ENUM_CONVERSION = YES;
				CLANG_WARN_INFINITE_RECURSION = YES;
				CLANG_WARN_INT_CONVERSION = YES;
				CLANG_WARN_OBJC_ROOT_CLASS = YES_ERROR;
				CLANG_WARN_SUSPICIOUS_MOVES = YES;
				CLANG_WARN_UNREACHABLE_CODE = YES;
				CLANG_WARN__DUPLICATE_METHOD_MATCH = YES;
				"CODE_SIGN_IDENTITY[sdk=iphoneos*]" = "iPhone Developer";
				COPY_PHASE_STRIP = NO;
				DEBUG_INFORMATION_FORMAT = dwarf;
				ENABLE_STRICT_OBJC_MSGSEND = YES;
				ENABLE_TESTABILITY = YES;
				GCC_C_LANGUAGE_STANDARD = gnu99;
				GCC_DYNAMIC_NO_PIC = NO;
				GCC_NO_COMMON_BLOCKS = YES;
				GCC_OPTIMIZATION_LEVEL = 0;
				GCC_PREPROCESSOR_DEFINITIONS = (
					"DEBUG=1",
					"$(inherited)",
				);
				GCC_WARN_64_TO_32_BIT_CONVERSION = YES;
				GCC_WARN_ABOUT_RETURN_TYPE = YES_ERROR;
				GCC_WARN_UNDECLARED_SELECTOR = YES;
				GCC_WARN_UNINITIALIZED_AUTOS = YES_AGGRESSIVE;
				GCC_WARN_UNUSED_FUNCTION = YES;
				GCC_WARN_UNUSED_VARIABLE = YES;
				IPHONEOS_DEPLOYMENT_TARGET = 10.0;
				MTL_ENABLE_DEBUG_INFO = YES;
				ONLY_ACTIVE_ARCH = YES;
				SDKROOT = iphoneos;
				SWIFT_ACTIVE_COMPILATION_CONDITIONS = DEBUG;
				SWIFT_OPTIMIZATION_LEVEL = "-Onone";
				TARGETED_DEVICE_FAMILY = "1,2";
			};
			name = Debug;
		};
		9542C8541D94F78900CC8C6C /* Release */ = {
			isa = XCBuildConfiguration;
			buildSettings = {
				ALWAYS_SEARCH_USER_PATHS = NO;
				CLANG_ANALYZER_NONNULL = YES;
				CLANG_CXX_LANGUAGE_STANDARD = "gnu++0x";
				CLANG_CXX_LIBRARY = "libc++";
				CLANG_ENABLE_MODULES = YES;
				CLANG_ENABLE_OBJC_ARC = YES;
				CLANG_WARN_BOOL_CONVERSION = YES;
				CLANG_WARN_CONSTANT_CONVERSION = YES;
				CLANG_WARN_DIRECT_OBJC_ISA_USAGE = YES_ERROR;
				CLANG_WARN_DOCUMENTATION_COMMENTS = YES;
				CLANG_WARN_EMPTY_BODY = YES;
				CLANG_WARN_ENUM_CONVERSION = YES;
				CLANG_WARN_INFINITE_RECURSION = YES;
				CLANG_WARN_INT_CONVERSION = YES;
				CLANG_WARN_OBJC_ROOT_CLASS = YES_ERROR;
				CLANG_WARN_SUSPICIOUS_MOVES = YES;
				CLANG_WARN_UNREACHABLE_CODE = YES;
				CLANG_WARN__DUPLICATE_METHOD_MATCH = YES;
				"CODE_SIGN_IDENTITY[sdk=iphoneos*]" = "iPhone Developer";
				COPY_PHASE_STRIP = NO;
				DEBUG_INFORMATION_FORMAT = "dwarf-with-dsym";
				ENABLE_NS_ASSERTIONS = NO;
				ENABLE_STRICT_OBJC_MSGSEND = YES;
				GCC_C_LANGUAGE_STANDARD = gnu99;
				GCC_NO_COMMON_BLOCKS = YES;
				GCC_WARN_64_TO_32_BIT_CONVERSION = YES;
				GCC_WARN_ABOUT_RETURN_TYPE = YES_ERROR;
				GCC_WARN_UNDECLARED_SELECTOR = YES;
				GCC_WARN_UNINITIALIZED_AUTOS = YES_AGGRESSIVE;
				GCC_WARN_UNUSED_FUNCTION = YES;
				GCC_WARN_UNUSED_VARIABLE = YES;
				IPHONEOS_DEPLOYMENT_TARGET = 10.0;
				MTL_ENABLE_DEBUG_INFO = NO;
				SDKROOT = iphoneos;
				SWIFT_OPTIMIZATION_LEVEL = "-Owholemodule";
				TARGETED_DEVICE_FAMILY = "1,2";
				VALIDATE_PRODUCT = YES;
			};
			name = Release;
		};
		9542C8561D94F78900CC8C6C /* Debug */ = {
			isa = XCBuildConfiguration;
			buildSettings = {
				ASSETCATALOG_COMPILER_APPICON_NAME = AppIcon;
				DEVELOPMENT_TEAM = 62G5243WAS;
				INFOPLIST_FILE = Lotto/Info.plist;
				LD_RUNPATH_SEARCH_PATHS = "$(inherited) @executable_path/Frameworks";
				PRODUCT_BUNDLE_IDENTIFIER = NANI.Lotto;
				PRODUCT_NAME = "$(TARGET_NAME)";
				SWIFT_VERSION = 3.0;
			};
			name = Debug;
		};
		9542C8571D94F78900CC8C6C /* Release */ = {
			isa = XCBuildConfiguration;
			buildSettings = {
				ASSETCATALOG_COMPILER_APPICON_NAME = AppIcon;
				DEVELOPMENT_TEAM = 62G5243WAS;
				INFOPLIST_FILE = Lotto/Info.plist;
				LD_RUNPATH_SEARCH_PATHS = "$(inherited) @executable_path/Frameworks";
				PRODUCT_BUNDLE_IDENTIFIER = NANI.Lotto;
				PRODUCT_NAME = "$(TARGET_NAME)";
				SWIFT_VERSION = 3.0;
			};
			name = Release;
		};
		9542C8591D94F78900CC8C6C /* Debug */ = {
			isa = XCBuildConfiguration;
			buildSettings = {
				ALWAYS_EMBED_SWIFT_STANDARD_LIBRARIES = YES;
				BUNDLE_LOADER = "$(TEST_HOST)";
				DEVELOPMENT_TEAM = 62G5243WAS;
				INFOPLIST_FILE = LottoTests/Info.plist;
				LD_RUNPATH_SEARCH_PATHS = "$(inherited) @executable_path/Frameworks @loader_path/Frameworks";
				PRODUCT_BUNDLE_IDENTIFIER = NANI.LottoTests;
				PRODUCT_NAME = "$(TARGET_NAME)";
				SWIFT_VERSION = 3.0;
				TEST_HOST = "$(BUILT_PRODUCTS_DIR)/Lotto.app/Lotto";
			};
			name = Debug;
		};
		9542C85A1D94F78900CC8C6C /* Release */ = {
			isa = XCBuildConfiguration;
			buildSettings = {
				ALWAYS_EMBED_SWIFT_STANDARD_LIBRARIES = YES;
				BUNDLE_LOADER = "$(TEST_HOST)";
				DEVELOPMENT_TEAM = 62G5243WAS;
				INFOPLIST_FILE = LottoTests/Info.plist;
				LD_RUNPATH_SEARCH_PATHS = "$(inherited) @executable_path/Frameworks @loader_path/Frameworks";
				PRODUCT_BUNDLE_IDENTIFIER = NANI.LottoTests;
				PRODUCT_NAME = "$(TARGET_NAME)";
				SWIFT_VERSION = 3.0;
				TEST_HOST = "$(BUILT_PRODUCTS_DIR)/Lotto.app/Lotto";
			};
			name = Release;
		};
		9542C85C1D94F78900CC8C6C /* Debug */ = {
			isa = XCBuildConfiguration;
			buildSettings = {
				ALWAYS_EMBED_SWIFT_STANDARD_LIBRARIES = YES;
				DEVELOPMENT_TEAM = 62G5243WAS;
				INFOPLIST_FILE = LottoUITests/Info.plist;
				LD_RUNPATH_SEARCH_PATHS = "$(inherited) @executable_path/Frameworks @loader_path/Frameworks";
				PRODUCT_BUNDLE_IDENTIFIER = NANI.LottoUITests;
				PRODUCT_NAME = "$(TARGET_NAME)";
				SWIFT_VERSION = 3.0;
				TEST_TARGET_NAME = Lotto;
			};
			name = Debug;
		};
		9542C85D1D94F78900CC8C6C /* Release */ = {
			isa = XCBuildConfiguration;
			buildSettings = {
				ALWAYS_EMBED_SWIFT_STANDARD_LIBRARIES = YES;
				DEVELOPMENT_TEAM = 62G5243WAS;
				INFOPLIST_FILE = LottoUITests/Info.plist;
				LD_RUNPATH_SEARCH_PATHS = "$(inherited) @executable_path/Frameworks @loader_path/Frameworks";
				PRODUCT_BUNDLE_IDENTIFIER = NANI.LottoUITests;
				PRODUCT_NAME = "$(TARGET_NAME)";
				SWIFT_VERSION = 3.0;
				TEST_TARGET_NAME = Lotto;
			};
			name = Release;
		};
/* End XCBuildConfiguration section */

/* Begin XCConfigurationList section */
		9542C8281D94F78800CC8C6C /* Build configuration list for PBXProject "Lotto" */ = {
			isa = XCConfigurationList;
			buildConfigurations = (
				9542C8531D94F78900CC8C6C /* Debug */,
				9542C8541D94F78900CC8C6C /* Release */,
			);
			defaultConfigurationIsVisible = 0;
			defaultConfigurationName = Release;
		};
		9542C8551D94F78900CC8C6C /* Build configuration list for PBXNativeTarget "Lotto" */ = {
			isa = XCConfigurationList;
			buildConfigurations = (
				9542C8561D94F78900CC8C6C /* Debug */,
				9542C8571D94F78900CC8C6C /* Release */,
			);
			defaultConfigurationIsVisible = 0;
		};
		9542C8581D94F78900CC8C6C /* Build configuration list for PBXNativeTarget "LottoTests" */ = {
			isa = XCConfigurationList;
			buildConfigurations = (
				9542C8591D94F78900CC8C6C /* Debug */,
				9542C85A1D94F78900CC8C6C /* Release */,
			);
			defaultConfigurationIsVisible = 0;
		};
		9542C85B1D94F78900CC8C6C /* Build configuration list for PBXNativeTarget "LottoUITests" */ = {
			isa = XCConfigurationList;
			buildConfigurations = (
				9542C85C1D94F78900CC8C6C /* Debug */,
				9542C85D1D94F78900CC8C6C /* Release */,
			);
			defaultConfigurationIsVisible = 0;
		};
/* End XCConfigurationList section */
	};
	rootObject = 9542C8251D94F78800CC8C6C /* Project object */;
}
